
Microsoft Visual Studio Solution File, Format Version 12.00
Project("{FAE04EC0-301F-11D3-BF4B-00C04F79EFBC}") = "Nova.Discord", "Nova.Discord\Nova.Discord.csproj", "{FE0CB5F6-70CC-4F1B-9C8D-18C8BD7E4577}"
EndProject
Project("{FAE04EC0-301F-11D3-BF4B-00C04F79EFBC}") = "Nova.Shared", "Nova.Shared\Nova.Shared.csproj", "{15692449-BDE5-4271-8096-5DB6CDAB08BD}"
EndProject
Global
	GlobalSection(SolutionConfigurationPlatforms) = preSolution
		Debug|Any CPU = Debug|Any CPU
		Release|Any CPU = Release|Any CPU
	EndGlobalSection
	GlobalSection(ProjectConfigurationPlatforms) = postSolution
		{FE0CB5F6-70CC-4F1B-9C8D-18C8BD7E4577}.Debug|Any CPU.ActiveCfg = Debug|Any CPU
		{FE0CB5F6-70CC-4F1B-9C8D-18C8BD7E4577}.Debug|Any CPU.Build.0 = Debug|Any CPU
		{FE0CB5F6-70CC-4F1B-9C8D-18C8BD7E4577}.Release|Any CPU.ActiveCfg = Release|Any CPU
		{FE0CB5F6-70CC-4F1B-9C8D-18C8BD7E4577}.Release|Any CPU.Build.0 = Release|Any CPU
		{15692449-BDE5-4271-8096-5DB6CDAB08BD}.Debug|Any CPU.ActiveCfg = Debug|Any CPU
		{15692449-BDE5-4271-8096-5DB6CDAB08BD}.Debug|Any CPU.Build.0 = Debug|Any CPU
		{15692449-BDE5-4271-8096-5DB6CDAB08BD}.Release|Any CPU.ActiveCfg = Release|Any CPU
		{15692449-BDE5-4271-8096-5DB6CDAB08BD}.Release|Any CPU.Build.0 = Release|Any CPU
	EndGlobalSection
EndGlobal
